{
    "_readme": [
        "This file locks the dependencies of your project to a known state",
        "Read more about it at http://getcomposer.org/doc/01-basic-usage.md#composer-lock-the-lock-file",
        "This file is @generated automatically"
    ],
    "hash": "1d362ac88e0a758050acf8e7f781b63f",
    "packages": [
        {
            "name": "azi/input",
            "version": "0.1",
            "source": {
                "type": "git",
                "url": "https://github.com/azeemhassni/Input.git",
                "reference": "eabd4d0422c7360ff064624f039b6fb8049c6dfd"
            },
            "dist": {
                "type": "zip",
                "url": "https://api.github.com/repos/azeemhassni/Input/zipball/eabd4d0422c7360ff064624f039b6fb8049c6dfd",
                "reference": "eabd4d0422c7360ff064624f039b6fb8049c6dfd",
                "shasum": ""
            },
            "require-dev": {
                "phpspec/phpspec": "^2.2"
            },
            "type": "library",
            "autoload": {
                "psr-4": {
                    "Azi\\": "src"
                }
            },
            "notification-url": "https://packagist.org/downloads/",
            "license": [
                "MIT"
            ],
            "authors": [
                {
                    "name": "Azi Baloch",
                    "email": "azeemhassni@gmail.com"
                }
            ],
            "description": "OO way to interact with user input",
            "time": "2015-08-20 14:56:39"
        }
    ],
    "packages-dev": [],
    "aliases": [],
    "minimum-stability": "stable",
    "stability-flags": [],
    "prefer-stable": false,
    "prefer-lowest": false,
    "platform": [],
    "platform-dev": []
}
